{
  "name": "project",
  "lockfileVersion": 2,
  "requires": true,
  "packages": {
    "": {
      "dependencies": {
        "ie11-custom-properties": "^4.1.0"
      }
    },
    "node_modules/ie11-custom-properties": {
      "version": "4.1.0",
      "resolved": "https://registry.npmjs.org/ie11-custom-properties/-/ie11-custom-properties-4.1.0.tgz",
      "integrity": "sha512-ep6R2iQvgfDEjd97ifkGKv119/Q+4La1GzKyshMsq2kIUVDlQUt74uc7WtMT4oN2G4d+tcA3QA86aUl7ESjBYw=="
    }
  },
  "dependencies": {
    "ie11-custom-properties": {
      "version": "4.1.0",
      "resolved": "https://registry.npmjs.org/ie11-custom-properties/-/ie11-custom-properties-4.1.0.tgz",
      "integrity": "sha512-ep6R2iQvgfDEjd97ifkGKv119/Q+4La1GzKyshMsq2kIUVDlQUt74uc7WtMT4oN2G4d+tcA3QA86aUl7ESjBYw=="
    }
  }
}
